
Microsoft Visual Studio Solution File, Format Version 12.00
# Visual Studio Version 17
VisualStudioVersion = 17.0.32014.148
MinimumVisualStudioVersion = 10.0.40219.1
Project("{FAE04EC0-301F-11D3-BF4B-00C04F79EFBC}") = "XamarinTutorial.UWP", "XamarinTutorial\XamarinTutorial.UWP\XamarinTutorial.UWP.csproj", "{8FBD437D-1C84-4F91-AC8E-7BE228D20513}"
EndProject
Project("{FAE04EC0-301F-11D3-BF4B-00C04F79EFBC}") = "XamarinTutorial.Android", "XamarinTutorial\XamarinTutorial.Android\XamarinTutorial.Android.csproj", "{8B7D5F36-5A3A-489B-BE2E-21E0A3112A77}"
EndProject
Project("{FAE04EC0-301F-11D3-BF4B-00C04F79EFBC}") = "XamarinTutorial.iOS", "XamarinTutorial\XamarinTutorial.iOS\XamarinTutorial.iOS.csproj", "{B50E7E88-F5A1-4D59-83AB-95C442E42228}"
EndProject
Project("{FAE04EC0-301F-11D3-BF4B-00C04F79EFBC}") = "XamarinTutorial", "XamarinTutorial\XamarinTutorial\XamarinTutorial.csproj", "{854C5A76-B306-44DE-8BE4-F4366CDF632D}"
EndProject
Project("{2150E333-8FDC-42A3-9474-1A3956D46DE8}") = "Solution Items", "Solution Items", "{4478508F-3F73-4AC4-A1A5-54661ECADE5D}"
	ProjectSection(SolutionItems) = preProject
		.editorconfig = .editorconfig
	EndProjectSection
EndProject
Global
	GlobalSection(SolutionConfigurationPlatforms) = preSolution
		Debug|Any CPU = Debug|Any CPU
		Debug|ARM = Debug|ARM
		Debug|iPhone = Debug|iPhone
		Debug|iPhoneSimulator = Debug|iPhoneSimulator
		Debug|x64 = Debug|x64
		Debug|x86 = Debug|x86
		Release|Any CPU = Release|Any CPU
		Release|ARM = Release|ARM
		Release|iPhone = Release|iPhone
		Release|iPhoneSimulator = Release|iPhoneSimulator
		Release|x64 = Release|x64
		Release|x86 = Release|x86
	EndGlobalSection
	GlobalSection(ProjectConfigurationPlatforms) = postSolution
		{8FBD437D-1C84-4F91-AC8E-7BE228D20513}.Debug|Any CPU.ActiveCfg = Debug|x64
		{8FBD437D-1C84-4F91-AC8E-7BE228D20513}.Debug|Any CPU.Build.0 = Debug|x64
		{8FBD437D-1C84-4F91-AC8E-7BE228D20513}.Debug|Any CPU.Deploy.0 = Debug|x64
		{8FBD437D-1C84-4F91-AC8E-7BE228D20513}.Debug|ARM.ActiveCfg = Debug|ARM
		{8FBD437D-1C84-4F91-AC8E-7BE228D20513}.Debug|ARM.Build.0 = Debug|ARM
		{8FBD437D-1C84-4F91-AC8E-7BE228D20513}.Debug|ARM.Deploy.0 = Debug|ARM
		{8FBD437D-1C84-4F91-AC8E-7BE228D20513}.Debug|iPhone.ActiveCfg = Debug|x64
		{8FBD437D-1C84-4F91-AC8E-7BE228D20513}.Debug|iPhone.Build.0 = Debug|x64
		{8FBD437D-1C84-4F91-AC8E-7BE228D20513}.Debug|iPhone.Deploy.0 = Debug|x64
		{8FBD437D-1C84-4F91-AC8E-7BE228D20513}.Debug|iPhoneSimulator.ActiveCfg = Debug|x64
		{8FBD437D-1C84-4F91-AC8E-7BE228D20513}.Debug|iPhoneSimulator.Build.0 = Debug|x64
		{8FBD437D-1C84-4F91-AC8E-7BE228D20513}.Debug|iPhoneSimulator.Deploy.0 = Debug|x64
		{8FBD437D-1C84-4F91-AC8E-7BE228D20513}.Debug|x64.ActiveCfg = Debug|x64
		{8FBD437D-1C84-4F91-AC8E-7BE228D20513}.Debug|x64.Build.0 = Debug|x64
		{8FBD437D-1C84-4F91-AC8E-7BE228D20513}.Debug|x64.Deploy.0 = Debug|x64
		{8FBD437D-1C84-4F91-AC8E-7BE228D20513}.Debug|x86.ActiveCfg = Debug|x86
		{8FBD437D-1C84-4F91-AC8E-7BE228D20513}.Debug|x86.Build.0 = Debug|x86
		{8FBD437D-1C84-4F91-AC8E-7BE228D20513}.Debug|x86.Deploy.0 = Debug|x86
		{8FBD437D-1C84-4F91-AC8E-7BE228D20513}.Release|Any CPU.ActiveCfg = Release|x64
		{8FBD437D-1C84-4F91-AC8E-7BE228D20513}.Release|Any CPU.Build.0 = Release|x64
		{8FBD437D-1C84-4F91-AC8E-7BE228D20513}.Release|Any CPU.Deploy.0 = Release|x64
		{8FBD437D-1C84-4F91-AC8E-7BE228D20513}.Release|ARM.ActiveCfg = Release|ARM
		{8FBD437D-1C84-4F91-AC8E-7BE228D20513}.Release|ARM.Build.0 = Release|ARM
		{8FBD437D-1C84-4F91-AC8E-7BE228D20513}.Release|ARM.Deploy.0 = Release|ARM
		{8FBD437D-1C84-4F91-AC8E-7BE228D20513}.Release|iPhone.ActiveCfg = Release|x64
		{8FBD437D-1C84-4F91-AC8E-7BE228D20513}.Release|iPhone.Build.0 = Release|x64
		{8FBD437D-1C84-4F91-AC8E-7BE228D20513}.Release|iPhone.Deploy.0 = Release|x64
		{8FBD437D-1C84-4F91-AC8E-7BE228D20513}.Release|iPhoneSimulator.ActiveCfg = Release|x64
		{8FBD437D-1C84-4F91-AC8E-7BE228D20513}.Release|iPhoneSimulator.Build.0 = Release|x64
		{8FBD437D-1C84-4F91-AC8E-7BE228D20513}.Release|iPhoneSimulator.Deploy.0 = Release|x64
		{8FBD437D-1C84-4F91-AC8E-7BE228D20513}.Release|x64.ActiveCfg = Release|x64
		{8FBD437D-1C84-4F91-AC8E-7BE228D20513}.Release|x64.Build.0 = Release|x64
		{8FBD437D-1C84-4F91-AC8E-7BE228D20513}.Release|x64.Deploy.0 = Release|x64
		{8FBD437D-1C84-4F91-AC8E-7BE228D20513}.Release|x86.ActiveCfg = Release|x86
		{8FBD437D-1C84-4F91-AC8E-7BE228D20513}.Release|x86.Build.0 = Release|x86
		{8FBD437D-1C84-4F91-AC8E-7BE228D20513}.Release|x86.Deploy.0 = Release|x86
		{8B7D5F36-5A3A-489B-BE2E-21E0A3112A77}.Debug|Any CPU.ActiveCfg = Debug|Any CPU
		{8B7D5F36-5A3A-489B-BE2E-21E0A3112A77}.Debug|Any CPU.Build.0 = Debug|Any CPU
		{8B7D5F36-5A3A-489B-BE2E-21E0A3112A77}.Debug|Any CPU.Deploy.0 = Debug|Any CPU
		{8B7D5F36-5A3A-489B-BE2E-21E0A3112A77}.Debug|ARM.ActiveCfg = Debug|Any CPU
		{8B7D5F36-5A3A-489B-BE2E-21E0A3112A77}.Debug|ARM.Build.0 = Debug|Any CPU
		{8B7D5F36-5A3A-489B-BE2E-21E0A3112A77}.Debug|ARM.Deploy.0 = Debug|Any CPU
		{8B7D5F36-5A3A-489B-BE2E-21E0A3112A77}.Debug|iPhone.ActiveCfg = Debug|Any CPU
		{8B7D5F36-5A3A-489B-BE2E-21E0A3112A77}.Debug|iPhone.Build.0 = Debug|Any CPU
		{8B7D5F36-5A3A-489B-BE2E-21E0A3112A77}.Debug|iPhone.Deploy.0 = Debug|Any CPU
		{8B7D5F36-5A3A-489B-BE2E-21E0A3112A77}.Debug|iPhoneSimulator.ActiveCfg = Debug|Any CPU
		{8B7D5F36-5A3A-489B-BE2E-21E0A3112A77}.Debug|iPhoneSimulator.Build.0 = Debug|Any CPU
		{8B7D5F36-5A3A-489B-BE2E-21E0A3112A77}.Debug|iPhoneSimulator.Deploy.0 = Debug|Any CPU
		{8B7D5F36-5A3A-489B-BE2E-21E0A3112A77}.Debug|x64.ActiveCfg = Debug|Any CPU
		{8B7D5F36-5A3A-489B-BE2E-21E0A3112A77}.Debug|x64.Build.0 = Debug|Any CPU
		{8B7D5F36-5A3A-489B-BE2E-21E0A3112A77}.Debug|x64.Deploy.0 = Debug|Any CPU
		{8B7D5F36-5A3A-489B-BE2E-21E0A3112A77}.Debug|x86.ActiveCfg = Debug|Any CPU
		{8B7D5F36-5A3A-489B-BE2E-21E0A3112A77}.Debug|x86.Build.0 = Debug|Any CPU
		{8B7D5F36-5A3A-489B-BE2E-21E0A3112A77}.Debug|x86.Deploy.0 = Debug|Any CPU
		{8B7D5F36-5A3A-489B-BE2E-21E0A3112A77}.Release|Any CPU.ActiveCfg = Release|Any CPU
		{8B7D5F36-5A3A-489B-BE2E-21E0A3112A77}.Release|Any CPU.Build.0 = Release|Any CPU
		{8B7D5F36-5A3A-489B-BE2E-21E0A3112A77}.Release|Any CPU.Deploy.0 = Release|Any CPU
		{8B7D5F36-5A3A-489B-BE2E-21E0A3112A77}.Release|ARM.ActiveCfg = Release|Any CPU
		{8B7D5F36-5A3A-489B-BE2E-21E0A3112A77}.Release|ARM.Build.0 = Release|Any CPU
		{8B7D5F36-5A3A-489B-BE2E-21E0A3112A77}.Release|ARM.Deploy.0 = Release|Any CPU
		{8B7D5F36-5A3A-489B-BE2E-21E0A3112A77}.Release|iPhone.ActiveCfg = Release|Any CPU
		{8B7D5F36-5A3A-489B-BE2E-21E0A3112A77}.Release|iPhone.Build.0 = Release|Any CPU
		{8B7D5F36-5A3A-489B-BE2E-21E0A3112A77}.Release|iPhone.Deploy.0 = Release|Any CPU
		{8B7D5F36-5A3A-489B-BE2E-21E0A3112A77}.Release|iPhoneSimulator.ActiveCfg = Release|Any CPU
		{8B7D5F36-5A3A-489B-BE2E-21E0A3112A77}.Release|iPhoneSimulator.Build.0 = Release|Any CPU
		{8B7D5F36-5A3A-489B-BE2E-21E0A3112A77}.Release|iPhoneSimulator.Deploy.0 = Release|Any CPU
		{8B7D5F36-5A3A-489B-BE2E-21E0A3112A77}.Release|x64.ActiveCfg = Release|Any CPU
		{8B7D5F36-5A3A-489B-BE2E-21E0A3112A77}.Release|x64.Build.0 = Release|Any CPU
		{8B7D5F36-5A3A-489B-BE2E-21E0A3112A77}.Release|x64.Deploy.0 = Release|Any CPU
		{8B7D5F36-5A3A-489B-BE2E-21E0A3112A77}.Release|x86.ActiveCfg = Release|Any CPU
		{8B7D5F36-5A3A-489B-BE2E-21E0A3112A77}.Release|x86.Build.0 = Release|Any CPU
		{8B7D5F36-5A3A-489B-BE2E-21E0A3112A77}.Release|x86.Deploy.0 = Release|Any CPU
		{B50E7E88-F5A1-4D59-83AB-95C442E42228}.Debug|Any CPU.ActiveCfg = Debug|iPhoneSimulator
		{B50E7E88-F5A1-4D59-83AB-95C442E42228}.Debug|Any CPU.Build.0 = Debug|iPhoneSimulator
		{B50E7E88-F5A1-4D59-83AB-95C442E42228}.Debug|Any CPU.Deploy.0 = Debug|iPhoneSimulator
		{B50E7E88-F5A1-4D59-83AB-95C442E42228}.Debug|ARM.ActiveCfg = Debug|iPhoneSimulator
		{B50E7E88-F5A1-4D59-83AB-95C442E42228}.Debug|ARM.Build.0 = Debug|iPhoneSimulator
		{B50E7E88-F5A1-4D59-83AB-95C442E42228}.Debug|ARM.Deploy.0 = Debug|iPhoneSimulator
		{B50E7E88-F5A1-4D59-83AB-95C442E42228}.Debug|iPhone.ActiveCfg = Debug|iPhone
		{B50E7E88-F5A1-4D59-83AB-95C442E42228}.Debug|iPhone.Build.0 = Debug|iPhone
		{B50E7E88-F5A1-4D59-83AB-95C442E42228}.Debug|iPhone.Deploy.0 = Debug|iPhone
		{B50E7E88-F5A1-4D59-83AB-95C442E42228}.Debug|iPhoneSimulator.ActiveCfg = Debug|iPhoneSimulator
		{B50E7E88-F5A1-4D59-83AB-95C442E42228}.Debug|iPhoneSimulator.Build.0 = Debug|iPhoneSimulator
		{B50E7E88-F5A1-4D59-83AB-95C442E42228}.Debug|iPhoneSimulator.Deploy.0 = Debug|iPhoneSimulator
		{B50E7E88-F5A1-4D59-83AB-95C442E42228}.Debug|x64.ActiveCfg = Debug|iPhone
		{B50E7E88-F5A1-4D59-83AB-95C442E42228}.Debug|x64.Build.0 = Debug|iPhone
		{B50E7E88-F5A1-4D59-83AB-95C442E42228}.Debug|x64.Deploy.0 = Debug|iPhone
		{B50E7E88-F5A1-4D59-83AB-95C442E42228}.Debug|x86.ActiveCfg = Debug|iPhoneSimulator
		{B50E7E88-F5A1-4D59-83AB-95C442E42228}.Debug|x86.Build.0 = Debug|iPhoneSimulator
		{B50E7E88-F5A1-4D59-83AB-95C442E42228}.Debug|x86.Deploy.0 = Debug|iPhoneSimulator
		{B50E7E88-F5A1-4D59-83AB-95C442E42228}.Release|Any CPU.ActiveCfg = Release|iPhoneSimulator
		{B50E7E88-F5A1-4D59-83AB-95C442E42228}.Release|Any CPU.Build.0 = Release|iPhoneSimulator
		{B50E7E88-F5A1-4D59-83AB-95C442E42228}.Release|Any CPU.Deploy.0 = Release|iPhoneSimulator
		{B50E7E88-F5A1-4D59-83AB-95C442E42228}.Release|ARM.ActiveCfg = Release|iPhoneSimulator
		{B50E7E88-F5A1-4D59-83AB-95C442E42228}.Release|ARM.Build.0 = Release|iPhoneSimulator
		{B50E7E88-F5A1-4D59-83AB-95C442E42228}.Release|ARM.Deploy.0 = Release|iPhoneSimulator
		{B50E7E88-F5A1-4D59-83AB-95C442E42228}.Release|iPhone.ActiveCfg = Release|iPhone
		{B50E7E88-F5A1-4D59-83AB-95C442E42228}.Release|iPhone.Build.0 = Release|iPhone
		{B50E7E88-F5A1-4D59-83AB-95C442E42228}.Release|iPhone.Deploy.0 = Release|iPhone
		{B50E7E88-F5A1-4D59-83AB-95C442E42228}.Release|iPhoneSimulator.ActiveCfg = Release|iPhoneSimulator
		{B50E7E88-F5A1-4D59-83AB-95C442E42228}.Release|iPhoneSimulator.Build.0 = Release|iPhoneSimulator
		{B50E7E88-F5A1-4D59-83AB-95C442E42228}.Release|iPhoneSimulator.Deploy.0 = Release|iPhoneSimulator
		{B50E7E88-F5A1-4D59-83AB-95C442E42228}.Release|x64.ActiveCfg = Release|iPhoneSimulator
		{B50E7E88-F5A1-4D59-83AB-95C442E42228}.Release|x64.Build.0 = Release|iPhoneSimulator
		{B50E7E88-F5A1-4D59-83AB-95C442E42228}.Release|x64.Deploy.0 = Release|iPhoneSimulator
		{B50E7E88-F5A1-4D59-83AB-95C442E42228}.Release|x86.ActiveCfg = Release|iPhoneSimulator
		{B50E7E88-F5A1-4D59-83AB-95C442E42228}.Release|x86.Build.0 = Release|iPhoneSimulator
		{B50E7E88-F5A1-4D59-83AB-95C442E42228}.Release|x86.Deploy.0 = Release|iPhoneSimulator
		{854C5A76-B306-44DE-8BE4-F4366CDF632D}.Debug|Any CPU.ActiveCfg = Debug|Any CPU
		{854C5A76-B306-44DE-8BE4-F4366CDF632D}.Debug|Any CPU.Build.0 = Debug|Any CPU
		{854C5A76-B306-44DE-8BE4-F4366CDF632D}.Debug|Any CPU.Deploy.0 = Debug|Any CPU
		{854C5A76-B306-44DE-8BE4-F4366CDF632D}.Debug|ARM.ActiveCfg = Debug|Any CPU
		{854C5A76-B306-44DE-8BE4-F4366CDF632D}.Debug|ARM.Build.0 = Debug|Any CPU
		{854C5A76-B306-44DE-8BE4-F4366CDF632D}.Debug|ARM.Deploy.0 = Debug|Any CPU
		{854C5A76-B306-44DE-8BE4-F4366CDF632D}.Debug|iPhone.ActiveCfg = Debug|Any CPU
		{854C5A76-B306-44DE-8BE4-F4366CDF632D}.Debug|iPhone.Build.0 = Debug|Any CPU
		{854C5A76-B306-44DE-8BE4-F4366CDF632D}.Debug|iPhone.Deploy.0 = Debug|Any CPU
		{854C5A76-B306-44DE-8BE4-F4366CDF632D}.Debug|iPhoneSimulator.ActiveCfg = Debug|Any CPU
		{854C5A76-B306-44DE-8BE4-F4366CDF632D}.Debug|iPhoneSimulator.Build.0 = Debug|Any CPU
		{854C5A76-B306-44DE-8BE4-F4366CDF632D}.Debug|iPhoneSimulator.Deploy.0 = Debug|Any CPU
		{854C5A76-B306-44DE-8BE4-F4366CDF632D}.Debug|x64.ActiveCfg = Debug|Any CPU
		{854C5A76-B306-44DE-8BE4-F4366CDF632D}.Debug|x64.Build.0 = Debug|Any CPU
		{854C5A76-B306-44DE-8BE4-F4366CDF632D}.Debug|x64.Deploy.0 = Debug|Any CPU
		{854C5A76-B306-44DE-8BE4-F4366CDF632D}.Debug|x86.ActiveCfg = Debug|Any CPU
		{854C5A76-B306-44DE-8BE4-F4366CDF632D}.Debug|x86.Build.0 = Debug|Any CPU
		{854C5A76-B306-44DE-8BE4-F4366CDF632D}.Debug|x86.Deploy.0 = Debug|Any CPU
		{854C5A76-B306-44DE-8BE4-F4366CDF632D}.Release|Any CPU.ActiveCfg = Release|Any CPU
		{854C5A76-B306-44DE-8BE4-F4366CDF632D}.Release|Any CPU.Build.0 = Release|Any CPU
		{854C5A76-B306-44DE-8BE4-F4366CDF632D}.Release|Any CPU.Deploy.0 = Release|Any CPU
		{854C5A76-B306-44DE-8BE4-F4366CDF632D}.Release|ARM.ActiveCfg = Release|Any CPU
		{854C5A76-B306-44DE-8BE4-F4366CDF632D}.Release|ARM.Build.0 = Release|Any CPU
		{854C5A76-B306-44DE-8BE4-F4366CDF632D}.Release|ARM.Deploy.0 = Release|Any CPU
		{854C5A76-B306-44DE-8BE4-F4366CDF632D}.Release|iPhone.ActiveCfg = Release|Any CPU
		{854C5A76-B306-44DE-8BE4-F4366CDF632D}.Release|iPhone.Build.0 = Release|Any CPU
		{854C5A76-B306-44DE-8BE4-F4366CDF632D}.Release|iPhone.Deploy.0 = Release|Any CPU
		{854C5A76-B306-44DE-8BE4-F4366CDF632D}.Release|iPhoneSimulator.ActiveCfg = Release|Any CPU
		{854C5A76-B306-44DE-8BE4-F4366CDF632D}.Release|iPhoneSimulator.Build.0 = Release|Any CPU
		{854C5A76-B306-44DE-8BE4-F4366CDF632D}.Release|iPhoneSimulator.Deploy.0 = Release|Any CPU
		{854C5A76-B306-44DE-8BE4-F4366CDF632D}.Release|x64.ActiveCfg = Release|Any CPU
		{854C5A76-B306-44DE-8BE4-F4366CDF632D}.Release|x64.Build.0 = Release|Any CPU
		{854C5A76-B306-44DE-8BE4-F4366CDF632D}.Release|x64.Deploy.0 = Release|Any CPU
		{854C5A76-B306-44DE-8BE4-F4366CDF632D}.Release|x86.ActiveCfg = Release|Any CPU
		{854C5A76-B306-44DE-8BE4-F4366CDF632D}.Release|x86.Build.0 = Release|Any CPU
		{854C5A76-B306-44DE-8BE4-F4366CDF632D}.Release|x86.Deploy.0 = Release|Any CPU
	EndGlobalSection
	GlobalSection(SolutionProperties) = preSolution
		HideSolutionNode = FALSE
	EndGlobalSection
	GlobalSection(ExtensibilityGlobals) = postSolution
		SolutionGuid = {99E92D9A-ACFD-4CF0-BB86-48742E9077F1}
	EndGlobalSection
EndGlobal
